{
  "originHash" : "d2de8ab85c0d7654190162b184cc3e854978ec9cb208fbdd5341d8c05ae23595",
  "pins" : [
    {
      "identity" : "kurmanci-swift",
      "kind" : "remoteSourceControl",
      "location" : "https://github.com/Kurdi-Language/kurmanci-swift.git",
      "state" : {
        "revision" : "798c94d1e4be017961d08ac0525c3ec9989424f8",
        "version" : "0.1.1"
      }
    }
  ],
  "version" : 3
}
